
Microsoft Visual Studio Solution File, Format Version 12.00
# Visual Studio Version 16
VisualStudioVersion = 16.0.30503.244
MinimumVisualStudioVersion = 10.0.40219.1
Project("{9A19103F-16F7-4668-BE54-9A1E7A4F7556}") = "WebApi", "WebApi\WebApi.csproj", "{DB6FBD39-3BE5-4B6D-924F-FB7BCEB6CE63}"
EndProject
Project("{FAE04EC0-301F-11D3-BF4B-00C04F79EFBC}") = "xUnitTestApp.Tests", "xUnitTestApp.Tests\xUnitTestApp.Tests.csproj", "{4012BEE4-99A0-4CBB-9E36-F75E7969E53B}"
EndProject
Global
	GlobalSection(SolutionConfigurationPlatforms) = preSolution
		Debug|Any CPU = Debug|Any CPU
		Release|Any CPU = Release|Any CPU
	EndGlobalSection
	GlobalSection(ProjectConfigurationPlatforms) = postSolution
		{DB6FBD39-3BE5-4B6D-924F-FB7BCEB6CE63}.Debug|Any CPU.ActiveCfg = Debug|Any CPU
		{DB6FBD39-3BE5-4B6D-924F-FB7BCEB6CE63}.Debug|Any CPU.Build.0 = Debug|Any CPU
		{DB6FBD39-3BE5-4B6D-924F-FB7BCEB6CE63}.Release|Any CPU.ActiveCfg = Release|Any CPU
		{DB6FBD39-3BE5-4B6D-924F-FB7BCEB6CE63}.Release|Any CPU.Build.0 = Release|Any CPU
		{4012BEE4-99A0-4CBB-9E36-F75E7969E53B}.Debug|Any CPU.ActiveCfg = Debug|Any CPU
		{4012BEE4-99A0-4CBB-9E36-F75E7969E53B}.Debug|Any CPU.Build.0 = Debug|Any CPU
		{4012BEE4-99A0-4CBB-9E36-F75E7969E53B}.Release|Any CPU.ActiveCfg = Release|Any CPU
		{4012BEE4-99A0-4CBB-9E36-F75E7969E53B}.Release|Any CPU.Build.0 = Release|Any CPU
	EndGlobalSection
	GlobalSection(SolutionProperties) = preSolution
		HideSolutionNode = FALSE
	EndGlobalSection
	GlobalSection(ExtensibilityGlobals) = postSolution
		SolutionGuid = {1F919A5B-A9C6-4851-82FD-FE610D8EDBA5}
	EndGlobalSection
EndGlobal
